
Microsoft Visual Studio Solution File, Format Version 12.00
# Visual Studio Version 16
VisualStudioVersion = 16.0.29020.237
MinimumVisualStudioVersion = 10.0.40219.1
Project("{FAE04EC0-301F-11D3-BF4B-00C04F79EFBC}") = "FullScreenVideoView.Sample", "FullScreenVideoView.Sample\FullScreenVideoView.Sample.csproj", "{C609D467-F881-4160-8712-23558EBC2D92}"
EndProject
Project("{FAE04EC0-301F-11D3-BF4B-00C04F79EFBC}") = "FullScreenVideoView", "FullScreenVideoView\FullScreenVideoView.csproj", "{2E554BD6-C902-4839-846B-869B14F30AC8}"
EndProject
Global
	GlobalSection(SolutionConfigurationPlatforms) = preSolution
		Debug|Any CPU = Debug|Any CPU
		Release|Any CPU = Release|Any CPU
	EndGlobalSection
	GlobalSection(ProjectConfigurationPlatforms) = postSolution
		{C609D467-F881-4160-8712-23558EBC2D92}.Debug|Any CPU.ActiveCfg = Debug|Any CPU
		{C609D467-F881-4160-8712-23558EBC2D92}.Debug|Any CPU.Build.0 = Debug|Any CPU
		{C609D467-F881-4160-8712-23558EBC2D92}.Debug|Any CPU.Deploy.0 = Debug|Any CPU
		{C609D467-F881-4160-8712-23558EBC2D92}.Release|Any CPU.ActiveCfg = Release|Any CPU
		{C609D467-F881-4160-8712-23558EBC2D92}.Release|Any CPU.Build.0 = Release|Any CPU
		{C609D467-F881-4160-8712-23558EBC2D92}.Release|Any CPU.Deploy.0 = Release|Any CPU
		{2E554BD6-C902-4839-846B-869B14F30AC8}.Debug|Any CPU.ActiveCfg = Debug|Any CPU
		{2E554BD6-C902-4839-846B-869B14F30AC8}.Debug|Any CPU.Build.0 = Debug|Any CPU
		{2E554BD6-C902-4839-846B-869B14F30AC8}.Release|Any CPU.ActiveCfg = Release|Any CPU
		{2E554BD6-C902-4839-846B-869B14F30AC8}.Release|Any CPU.Build.0 = Release|Any CPU
	EndGlobalSection
	GlobalSection(SolutionProperties) = preSolution
		HideSolutionNode = FALSE
	EndGlobalSection
	GlobalSection(ExtensibilityGlobals) = postSolution
		SolutionGuid = {00CB1A6A-2AE8-48B7-9B78-6FF88401A173}
	EndGlobalSection
EndGlobal
